# This file is automatically @generated by Cargo.
# It is not intended for manual editing.
version = 4

[[package]]
name = "panopticon-core"
version = "0.1.0"

[[package]]
name = "panopticon-export"
version = "0.1.0"
dependencies = [
 "panopticon-core",
]

[[package]]
name = "panopticon-import"
version = "0.1.0"
dependencies = [
 "panopticon-core",
]

[[package]]
name = "panopticon-tour"
version = "0.1.0"
dependencies = [
 "panopticon-core",
]

[[package]]
name = "panopticon-tui"
version = "0.1.0"
dependencies = [
 "panopticon-core",
]
